
Microsoft Visual Studio Solution File, Format Version 12.00
# Visual Studio Version 17
VisualStudioVersion = 17.5.002.0
MinimumVisualStudioVersion = 10.0.40219.1
Project("{9A19103F-16F7-4668-BE54-9A1E7A4F7556}") = "dotnet-rpg", "dotnet-rpg.csproj", "{D7072FBA-80A3-400D-8B6E-DBDA93CF807D}"
EndProject
Global
	GlobalSection(SolutionConfigurationPlatforms) = preSolution
		Debug|Any CPU = Debug|Any CPU
		Release|Any CPU = Release|Any CPU
	EndGlobalSection
	GlobalSection(ProjectConfigurationPlatforms) = postSolution
		{D7072FBA-80A3-400D-8B6E-DBDA93CF807D}.Debug|Any CPU.ActiveCfg = Debug|Any CPU
		{D7072FBA-80A3-400D-8B6E-DBDA93CF807D}.Debug|Any CPU.Build.0 = Debug|Any CPU
		{D7072FBA-80A3-400D-8B6E-DBDA93CF807D}.Release|Any CPU.ActiveCfg = Release|Any CPU
		{D7072FBA-80A3-400D-8B6E-DBDA93CF807D}.Release|Any CPU.Build.0 = Release|Any CPU
	EndGlobalSection
	GlobalSection(SolutionProperties) = preSolution
		HideSolutionNode = FALSE
	EndGlobalSection
	GlobalSection(ExtensibilityGlobals) = postSolution
		SolutionGuid = {E1E6F557-3706-4F08-BD0A-C67BC72143BA}
	EndGlobalSection
EndGlobal
